// !$*UTF8*$!
{
	archiveVersion = 1;
	classes = {
	};
	objectVersion = 46;
	objects = {

/* Begin PBXBuildFile section */
		40E99C9C1BC2FCE90083D95A /* AppDelegate.swift in Sources */ = {isa = PBXBuildFile; fileRef = 40E99C9B1BC2FCE90083D95A /* AppDelegate.swift */; };
		40E99C9E1BC2FCE90083D95A /* ViewController.swift in Sources */ = {isa = PBXBuildFile; fileRef = 40E99C9D1BC2FCE90083D95A /* ViewController.swift */; };
		40E99CA11BC2FCE90083D95A /* Main.storyboard in Resources */ = {isa = PBXBuildFile; fileRef = 40E99C9F1BC2FCE90083D95A /* Main.storyboard */; };
		40E99CA31BC2FCE90083D95A /* Images.xcassets in Resources */ = {isa = PBXBuildFile; fileRef = 40E99CA21BC2FCE90083D95A /* Images.xcassets */; };
		40E99CA61BC2FCE90083D95A /* LaunchScreen.xib in Resources */ = {isa = PBXBuildFile; fileRef = 40E99CA41BC2FCE90083D95A /* LaunchScreen.xib */; };
		40E99CB21BC2FCE90083D95A /* TIMFlix_1232450Tests.swift in Sources */ = {isa = PBXBuildFile; fileRef = 40E99CB11BC2FCE90083D95A /* TIMFlix_1232450Tests.swift */; };
		40E99CBC1BC2FFCA0083D95A /* cerise.png in Resources */ = {isa = PBXBuildFile; fileRef = 40E99CBB1BC2FFCA0083D95A /* cerise.png */; };
/* End PBXBuildFile section */

/* Begin PBXContainerItemProxy section */
		40E99CAC1BC2FCE90083D95A /* PBXContainerItemProxy */ = {
			isa = PBXContainerItemProxy;
			containerPortal = 40E99C8E1BC2FCE80083D95A /* Project object */;
			proxyType = 1;
			remoteGlobalIDString = 40E99C951BC2FCE80083D95A;
			remoteInfo = "TIMFlix-1232450";
		};
/* End PBXContainerItemProxy section */

/* Begin PBXFileReference section */
		40E99C961BC2FCE80083D95A /* TIMFlix-1232450.app */ = {isa = PBXFileReference; explicitFileType = wrapper.application; includeInIndex = 0; path = "TIMFlix-1232450.app"; sourceTree = BUILT_PRODUCTS_DIR; };
		40E99C9A1BC2FCE90083D95A /* Info.plist */ = {isa = PBXFileReference; lastKnownFileType = text.plist.xml; path = Info.plist; sourceTree = "<group>"; };
		40E99C9B1BC2FCE90083D95A /* AppDelegate.swift */ = {isa = PBXFileReference; lastKnownFileType = sourcecode.swift; path = AppDelegate.swift; sourceTree = "<group>"; };
		40E99C9D1BC2FCE90083D95A /* ViewController.swift */ = {isa = PBXFileReference; lastKnownFileType = sourcecode.swift; path = ViewController.swift; sourceTree = "<group>"; };
		40E99CA01BC2FCE90083D95A /* Base */ = {isa = PBXFileReference; lastKnownFileType = file.storyboard; name = Base; path = Base.lproj/Main.storyboard; sourceTree = "<group>"; };
		40E99CA21BC2FCE90083D95A /* Images.xcassets */ = {isa = PBXFileReference; lastKnownFileType = folder.assetcatalog; path = Images.xcassets; sourceTree = "<group>"; };
		40E99CA51BC2FCE90083D95A /* Base */ = {isa = PBXFileReference; lastKnownFileType = file.xib; name = Base; path = Base.lproj/LaunchScreen.xib; sourceTree = "<group>"; };
		40E99CAB1BC2FCE90083D95A /* TIMFlix-1232450Tests.xctest */ = {isa = PBXFileReference; explicitFileType = wrapper.cfbundle; includeInIndex = 0; path = "TIMFlix-1232450Tests.xctest"; sourceTree = BUILT_PRODUCTS_DIR; };
		40E99CB01BC2FCE90083D95A /* Info.plist */ = {isa = PBXFileReference; lastKnownFileType = text.plist.xml; path = Info.plist; sourceTree = "<group>"; };
		40E99CB11BC2FCE90083D95A /* TIMFlix_1232450Tests.swift */ = {isa = PBXFileReference; lastKnownFileType = sourcecode.swift; path = TIMFlix_1232450Tests.swift; sourceTree = "<group>"; };
		40E99CBB1BC2FFCA0083D95A /* cerise.png */ = {isa = PBXFileReference; lastKnownFileType = image.png; path = cerise.png; sourceTree = "<group>"; };
/* End PBXFileReference section */

/* Begin PBXFrameworksBuildPhase section */
		40E99C931BC2FCE80083D95A /* Frameworks */ = {
			isa = PBXFrameworksBuildPhase;
			buildActionMask = 2147483647;
			files = (
			);
			runOnlyForDeploymentPostprocessing = 0;
		};
		40E99CA81BC2FCE90083D95A /* Frameworks */ = {
			isa = PBXFrameworksBuildPhase;
			buildActionMask = 2147483647;
			files = (
			);
			runOnlyForDeploymentPostprocessing = 0;
		};
/* End PBXFrameworksBuildPhase section */

/* Begin PBXGroup section */
		40E99C8D1BC2FCE80083D95A = {
			isa = PBXGroup;
			children = (
				40E99C981BC2FCE80083D95A /* TIMFlix-1232450 */,
				40E99CAE1BC2FCE90083D95A /* TIMFlix-1232450Tests */,
				40E99C971BC2FCE80083D95A /* Products */,
			);
			sourceTree = "<group>";
		};
		40E99C971BC2FCE80083D95A /* Products */ = {
			isa = PBXGroup;
			children = (
				40E99C961BC2FCE80083D95A /* TIMFlix-1232450.app */,
				40E99CAB1BC2FCE90083D95A /* TIMFlix-1232450Tests.xctest */,
			);
			name = Products;
			sourceTree = "<group>";
		};
		40E99C981BC2FCE80083D95A /* TIMFlix-1232450 */ = {
			isa = PBXGroup;
			children = (
				40E99CBB1BC2FFCA0083D95A /* cerise.png */,
				40E99C9B1BC2FCE90083D95A /* AppDelegate.swift */,
				40E99C9D1BC2FCE90083D95A /* ViewController.swift */,
				40E99C9F1BC2FCE90083D95A /* Main.storyboard */,
				40E99CA21BC2FCE90083D95A /* Images.xcassets */,
				40E99CA41BC2FCE90083D95A /* LaunchScreen.xib */,
				40E99C991BC2FCE80083D95A /* Supporting Files */,
			);
			path = "TIMFlix-1232450";
			sourceTree = "<group>";
		};
		40E99C991BC2FCE80083D95A /* Supporting Files */ = {
			isa = PBXGroup;
			children = (
				40E99C9A1BC2FCE90083D95A /* Info.plist */,
			);
			name = "Supporting Files";
			sourceTree = "<group>";
		};
		40E99CAE1BC2FCE90083D95A /* TIMFlix-1232450Tests */ = {
			isa = PBXGroup;
			children = (
				40E99CB11BC2FCE90083D95A /* TIMFlix_1232450Tests.swift */,
				40E99CAF1BC2FCE90083D95A /* Supporting Files */,
			);
			path = "TIMFlix-1232450Tests";
			sourceTree = "<group>";
		};
		40E99CAF1BC2FCE90083D95A /* Supporting Files */ = {
			isa = PBXGroup;
			children = (
				40E99CB01BC2FCE90083D95A /* Info.plist */,
			);
			name = "Supporting Files";
			sourceTree = "<group>";
		};
/* End PBXGroup section */

/* Begin PBXNativeTarget section */
		40E99C951BC2FCE80083D95A /* TIMFlix-1232450 */ = {
			isa = PBXNativeTarget;
			buildConfigurationList = 40E99CB51BC2FCE90083D95A /* Build configuration list for PBXNativeTarget "TIMFlix-1232450" */;
			buildPhases = (
				40E99C921BC2FCE80083D95A /* Sources */,
				40E99C931BC2FCE80083D95A /* Frameworks */,
				40E99C941BC2FCE80083D95A /* Resources */,
			);
			buildRules = (
			);
			dependencies = (
			);
			name = "TIMFlix-1232450";
			productName = "TIMFlix-1232450";
			productReference = 40E99C961BC2FCE80083D95A /* TIMFlix-1232450.app */;
			productType = "com.apple.product-type.application";
		};
		40E99CAA1BC2FCE90083D95A /* TIMFlix-1232450Tests */ = {
			isa = PBXNativeTarget;
			buildConfigurationList = 40E99CB81BC2FCE90083D95A /* Build configuration list for PBXNativeTarget "TIMFlix-1232450Tests" */;
			buildPhases = (
				40E99CA71BC2FCE90083D95A /* Sources */,
				40E99CA81BC2FCE90083D95A /* Frameworks */,
				40E99CA91BC2FCE90083D95A /* Resources */,
			);
			buildRules = (
			);
			dependencies = (
				40E99CAD1BC2FCE90083D95A /* PBXTargetDependency */,
			);
			name = "TIMFlix-1232450Tests";
			productName = "TIMFlix-1232450Tests";
			productReference = 40E99CAB1BC2FCE90083D95A /* TIMFlix-1232450Tests.xctest */;
			productType = "com.apple.product-type.bundle.unit-test";
		};
/* End PBXNativeTarget section */

/* Begin PBXProject section */
		40E99C8E1BC2FCE80083D95A /* Project object */ = {
			isa = PBXProject;
			attributes = {
				LastUpgradeCheck = 0640;
				ORGANIZATIONNAME = timStudent;
				TargetAttributes = {
					40E99C951BC2FCE80083D95A = {
						CreatedOnToolsVersion = 6.4;
					};
					40E99CAA1BC2FCE90083D95A = {
						CreatedOnToolsVersion = 6.4;
						TestTargetID = 40E99C951BC2FCE80083D95A;
					};
				};
			};
			buildConfigurationList = 40E99C911BC2FCE80083D95A /* Build configuration list for PBXProject "TIMFlix-1232450" */;
			compatibilityVersion = "Xcode 3.2";
			developmentRegion = English;
			hasScannedForEncodings = 0;
			knownRegions = (
				en,
				Base,
			);
			mainGroup = 40E99C8D1BC2FCE80083D95A;
			productRefGroup = 40E99C971BC2FCE80083D95A /* Products */;
			projectDirPath = "";
			projectRoot = "";
			targets = (
				40E99C951BC2FCE80083D95A /* TIMFlix-1232450 */,
				40E99CAA1BC2FCE90083D95A /* TIMFlix-1232450Tests */,
			);
		};
/* End PBXProject section */

/* Begin PBXResourcesBuildPhase section */
		40E99C941BC2FCE80083D95A /* Resources */ = {
			isa = PBXResourcesBuildPhase;
			buildActionMask = 2147483647;
			files = (
				40E99CBC1BC2FFCA0083D95A /* cerise.png in Resources */,
				40E99CA11BC2FCE90083D95A /* Main.storyboard in Resources */,
				40E99CA61BC2FCE90083D95A /* LaunchScreen.xib in Resources */,
				40E99CA31BC2FCE90083D95A /* Images.xcassets in Resources */,
			);
			runOnlyForDeploymentPostprocessing = 0;
		};
		40E99CA91BC2FCE90083D95A /* Resources */ = {
			isa = PBXResourcesBuildPhase;
			buildActionMask = 2147483647;
			files = (
			);
			runOnlyForDeploymentPostprocessing = 0;
		};
/* End PBXResourcesBuildPhase section */

/* Begin PBXSourcesBuildPhase section */
		40E99C921BC2FCE80083D95A /* Sources */ = {
			isa = PBXSourcesBuildPhase;
			buildActionMask = 2147483647;
			files = (
				40E99C9E1BC2FCE90083D95A /* ViewController.swift in Sources */,
				40E99C9C1BC2FCE90083D95A /* AppDelegate.swift in Sources */,
			);
			runOnlyForDeploymentPostprocessing = 0;
		};
		40E99CA71BC2FCE90083D95A /* Sources */ = {
			isa = PBXSourcesBuildPhase;
			buildActionMask = 2147483647;
			files = (
				40E99CB21BC2FCE90083D95A /* TIMFlix_1232450Tests.swift in Sources */,
			);
			runOnlyForDeploymentPostprocessing = 0;
		};
/* End PBXSourcesBuildPhase section */

/* Begin PBXTargetDependency section */
		40E99CAD1BC2FCE90083D95A /* PBXTargetDependency */ = {
			isa = PBXTargetDependency;
			target = 40E99C951BC2FCE80083D95A /* TIMFlix-1232450 */;
			targetProxy = 40E99CAC1BC2FCE90083D95A /* PBXContainerItemProxy */;
		};
/* End PBXTargetDependency section */

/* Begin PBXVariantGroup section */
		40E99C9F1BC2FCE90083D95A /* Main.storyboard */ = {
			isa = PBXVariantGroup;
			children = (
				40E99CA01BC2FCE90083D95A /* Base */,
			);
			name = Main.storyboard;
			sourceTree = "<group>";
		};
		40E99CA41BC2FCE90083D95A /* LaunchScreen.xib */ = {
			isa = PBXVariantGroup;
			children = (
				40E99CA51BC2FCE90083D95A /* Base */,
			);
			name = LaunchScreen.xib;
			sourceTree = "<group>";
		};
/* End PBXVariantGroup section */

/* Begin XCBuildConfiguration section */
		40E99CB31BC2FCE90083D95A /* Debug */ = {
			isa = XCBuildConfiguration;
			buildSettings = {
				ALWAYS_SEARCH_USER_PATHS = NO;
				CLANG_CXX_LANGUAGE_STANDARD = "gnu++0x";
				CLANG_CXX_LIBRARY = "libc++";
				CLANG_ENABLE_MODULES = YES;
				CLANG_ENABLE_OBJC_ARC = YES;
				CLANG_WARN_BOOL_CONVERSION = YES;
				CLANG_WARN_CONSTANT_CONVERSION = YES;
				CLANG_WARN_DIRECT_OBJC_ISA_USAGE = YES_ERROR;
				CLANG_WARN_EMPTY_BODY = YES;
				CLANG_WARN_ENUM_CONVERSION = YES;
				CLANG_WARN_INT_CONVERSION = YES;
				CLANG_WARN_OBJC_ROOT_CLASS = YES_ERROR;
				CLANG_WARN_UNREACHABLE_CODE = YES;
				CLANG_WARN__DUPLICATE_METHOD_MATCH = YES;
				"CODE_SIGN_IDENTITY[sdk=iphoneos*]" = "iPhone Developer";
				COPY_PHASE_STRIP = NO;
				DEBUG_INFORMATION_FORMAT = "dwarf-with-dsym";
				ENABLE_STRICT_OBJC_MSGSEND = YES;
				GCC_C_LANGUAGE_STANDARD = gnu99;
				GCC_DYNAMIC_NO_PIC = NO;
				GCC_NO_COMMON_BLOCKS = YES;
				GCC_OPTIMIZATION_LEVEL = 0;
				GCC_PREPROCESSOR_DEFINITIONS = (
					"DEBUG=1",
					"$(inherited)",
				);
				GCC_SYMBOLS_PRIVATE_EXTERN = NO;
				GCC_WARN_64_TO_32_BIT_CONVERSION = YES;
				GCC_WARN_ABOUT_RETURN_TYPE = YES_ERROR;
				GCC_WARN_UNDECLARED_SELECTOR = YES;
				GCC_WARN_UNINITIALIZED_AUTOS = YES_AGGRESSIVE;
				GCC_WARN_UNUSED_FUNCTION = YES;
				GCC_WARN_UNUSED_VARIABLE = YES;
				IPHONEOS_DEPLOYMENT_TARGET = 8.4;
				MTL_ENABLE_DEBUG_INFO = YES;
				ONLY_ACTIVE_ARCH = YES;
				SDKROOT = iphoneos;
				SWIFT_OPTIMIZATION_LEVEL = "-Onone";
			};
			name = Debug;
		};
		40E99CB41BC2FCE90083D95A /* Release */ = {
			isa = XCBuildConfiguration;
			buildSettings = {
				ALWAYS_SEARCH_USER_PATHS = NO;
				CLANG_CXX_LANGUAGE_STANDARD = "gnu++0x";
				CLANG_CXX_LIBRARY = "libc++";
				CLANG_ENABLE_MODULES = YES;
				CLANG_ENABLE_OBJC_ARC = YES;
				CLANG_WARN_BOOL_CONVERSION = YES;
				CLANG_WARN_CONSTANT_CONVERSION = YES;
				CLANG_WARN_DIRECT_OBJC_ISA_USAGE = YES_ERROR;
				CLANG_WARN_EMPTY_BODY = YES;
				CLANG_WARN_ENUM_CONVERSION = YES;
				CLANG_WARN_INT_CONVERSION = YES;
				CLANG_WARN_OBJC_ROOT_CLASS = YES_ERROR;
				CLANG_WARN_UNREACHABLE_CODE = YES;
				CLANG_WARN__DUPLICATE_METHOD_MATCH = YES;
				"CODE_SIGN_IDENTITY[sdk=iphoneos*]" = "iPhone Developer";
				COPY_PHASE_STRIP = NO;
				DEBUG_INFORMATION_FORMAT = "dwarf-with-dsym";
				ENABLE_NS_ASSERTIONS = NO;
				ENABLE_STRICT_OBJC_MSGSEND = YES;
				GCC_C_LANGUAGE_STANDARD = gnu99;
				GCC_NO_COMMON_BLOCKS = YES;
				GCC_WARN_64_TO_32_BIT_CONVERSION = YES;
				GCC_WARN_ABOUT_RETURN_TYPE = YES_ERROR;
				GCC_WARN_UNDECLARED_SELECTOR = YES;
				GCC_WARN_UNINITIALIZED_AUTOS = YES_AGGRESSIVE;
				GCC_WARN_UNUSED_FUNCTION = YES;
				GCC_WARN_UNUSED_VARIABLE = YES;
				IPHONEOS_DEPLOYMENT_TARGET = 8.4;
				MTL_ENABLE_DEBUG_INFO = NO;
				SDKROOT = iphoneos;
				VALIDATE_PRODUCT = YES;
			};
			name = Release;
		};
		40E99CB61BC2FCE90083D95A /* Debug */ = {
			isa = XCBuildConfiguration;
			buildSettings = {
				ASSETCATALOG_COMPILER_APPICON_NAME = AppIcon;
				INFOPLIST_FILE = "TIMFlix-1232450/Info.plist";
				LD_RUNPATH_SEARCH_PATHS = "$(inherited) @executable_path/Frameworks";
				PRODUCT_NAME = "$(TARGET_NAME)";
			};
			name = Debug;
		};
		40E99CB71BC2FCE90083D95A /* Release */ = {
			isa = XCBuildConfiguration;
			buildSettings = {
				ASSETCATALOG_COMPILER_APPICON_NAME = AppIcon;
				INFOPLIST_FILE = "TIMFlix-1232450/Info.plist";
				LD_RUNPATH_SEARCH_PATHS = "$(inherited) @executable_path/Frameworks";
				PRODUCT_NAME = "$(TARGET_NAME)";
			};
			name = Release;
		};
		40E99CB91BC2FCE90083D95A /* Debug */ = {
			isa = XCBuildConfiguration;
			buildSettings = {
				BUNDLE_LOADER = "$(TEST_HOST)";
				FRAMEWORK_SEARCH_PATHS = (
					"$(SDKROOT)/Developer/Library/Frameworks",
					"$(inherited)",
				);
				GCC_PREPROCESSOR_DEFINITIONS = (
					"DEBUG=1",
					"$(inherited)",
				);
				INFOPLIST_FILE = "TIMFlix-1232450Tests/Info.plist";
				LD_RUNPATH_SEARCH_PATHS = "$(inherited) @executable_path/Frameworks @loader_path/Frameworks";
				PRODUCT_NAME = "$(TARGET_NAME)";
				TEST_HOST = "$(BUILT_PRODUCTS_DIR)/TIMFlix-1232450.app/TIMFlix-1232450";
			};
			name = Debug;
		};
		40E99CBA1BC2FCE90083D95A /* Release */ = {
			isa = XCBuildConfiguration;
			buildSettings = {
				BUNDLE_LOADER = "$(TEST_HOST)";
				FRAMEWORK_SEARCH_PATHS = (
					"$(SDKROOT)/Developer/Library/Frameworks",
					"$(inherited)",
				);
				INFOPLIST_FILE = "TIMFlix-1232450Tests/Info.plist";
				LD_RUNPATH_SEARCH_PATHS = "$(inherited) @executable_path/Frameworks @loader_path/Frameworks";
				PRODUCT_NAME = "$(TARGET_NAME)";
				TEST_HOST = "$(BUILT_PRODUCTS_DIR)/TIMFlix-1232450.app/TIMFlix-1232450";
			};
			name = Release;
		};
/* End XCBuildConfiguration section */

/* Begin XCConfigurationList section */
		40E99C911BC2FCE80083D95A /* Build configuration list for PBXProject "TIMFlix-1232450" */ = {
			isa = XCConfigurationList;
			buildConfigurations = (
				40E99CB31BC2FCE90083D95A /* Debug */,
				40E99CB41BC2FCE90083D95A /* Release */,
			);
			defaultConfigurationIsVisible = 0;
			defaultConfigurationName = Release;
		};
		40E99CB51BC2FCE90083D95A /* Build configuration list for PBXNativeTarget "TIMFlix-1232450" */ = {
			isa = XCConfigurationList;
			buildConfigurations = (
				40E99CB61BC2FCE90083D95A /* Debug */,
				40E99CB71BC2FCE90083D95A /* Release */,
			);
			defaultConfigurationIsVisible = 0;
		};
		40E99CB81BC2FCE90083D95A /* Build configuration list for PBXNativeTarget "TIMFlix-1232450Tests" */ = {
			isa = XCConfigurationList;
			buildConfigurations = (
				40E99CB91BC2FCE90083D95A /* Debug */,
				40E99CBA1BC2FCE90083D95A /* Release */,
			);
			defaultConfigurationIsVisible = 0;
		};
/* End XCConfigurationList section */
	};
	rootObject = 40E99C8E1BC2FCE80083D95A /* Project object */;
}
